
Microsoft Visual Studio Solution File, Format Version 12.00
# Visual Studio Version 17
VisualStudioVersion = 17.6.33801.468
MinimumVisualStudioVersion = 10.0.40219.1
Project("{FAE04EC0-301F-11D3-BF4B-00C04F79EFBC}") = "Task2_progamming_LL-000012880_Iyekowa_M", "Task2_progamming_LL-000012880_Iyekowa_M\Task2_progamming_LL-000012880_Iyekowa_M.csproj", "{064E3B29-6AF7-40EA-8EEF-E8DB4CE1CFFC}"
EndProject
Global
	GlobalSection(SolutionConfigurationPlatforms) = preSolution
		Debug|Any CPU = Debug|Any CPU
		Release|Any CPU = Release|Any CPU
	EndGlobalSection
	GlobalSection(ProjectConfigurationPlatforms) = postSolution
		{064E3B29-6AF7-40EA-8EEF-E8DB4CE1CFFC}.Debug|Any CPU.ActiveCfg = Debug|Any CPU
		{064E3B29-6AF7-40EA-8EEF-E8DB4CE1CFFC}.Debug|Any CPU.Build.0 = Debug|Any CPU
		{064E3B29-6AF7-40EA-8EEF-E8DB4CE1CFFC}.Release|Any CPU.ActiveCfg = Release|Any CPU
		{064E3B29-6AF7-40EA-8EEF-E8DB4CE1CFFC}.Release|Any CPU.Build.0 = Release|Any CPU
	EndGlobalSection
	GlobalSection(SolutionProperties) = preSolution
		HideSolutionNode = FALSE
	EndGlobalSection
	GlobalSection(ExtensibilityGlobals) = postSolution
		SolutionGuid = {5085FB4E-AD8F-453F-B529-55E26EE3CCBE}
	EndGlobalSection
EndGlobal
